
Microsoft Visual Studio Solution File, Format Version 12.00
# Visual Studio 15
VisualStudioVersion = 15.0.27703.2000
MinimumVisualStudioVersion = 10.0.40219.1
Project("{2150E333-8FDC-42A3-9474-1A3956D46DE8}") = "OnWeb", "OnWeb", "{1CF2A268-413B-40E0-AD79-C8C410E63110}"
EndProject
Project("{FAE04EC0-301F-11D3-BF4B-00C04F79EFBC}") = "Standard.NetFramework", "..\Projects\Standard\Standard.NetFramework.csproj", "{C844D3BE-EC89-4A5F-B54E-B07D9DFCB4C9}"
EndProject
Project("{9A19103F-16F7-4668-BE54-9A1E7A4F7556}") = "Core", "..\Projects\Core\Core.csproj", "{F61FFCC5-3711-4D42-916A-EF83032F542A}"
	ProjectSection(ProjectDependencies) = postProject
		{9A323FE1-DAC9-405C-8C5D-3AA377C67CB5} = {9A323FE1-DAC9-405C-8C5D-3AA377C67CB5}
	EndProjectSection
EndProject
Project("{2150E333-8FDC-42A3-9474-1A3956D46DE8}") = "External Libraries", "External Libraries", "{EE2A716F-1C86-4268-930E-5913DE898128}"
EndProject
Project("{2150E333-8FDC-42A3-9474-1A3956D46DE8}") = "Core", "Core", "{620AF6BB-950C-49F1-AA20-76FB9C95A3DF}"
EndProject
Project("{FAE04EC0-301F-11D3-BF4B-00C04F79EFBC}") = "Madaa.Lib.Win.Services", "..\External Libraries\Madaa.Lib.Win.Services\Madaa.Lib.Win.Services.csproj", "{CBAA3A56-3772-4120-874D-C13F182D49F0}"
EndProject
Project("{2150E333-8FDC-42A3-9474-1A3956D46DE8}") = "Nuget", "Nuget", "{C05FF974-CF3D-4994-9D53-79BB3E99D5A0}"
EndProject
Project("{2150E333-8FDC-42A3-9474-1A3956D46DE8}") = "ManagedInjector", "ManagedInjector", "{675CBA0A-B5DD-4919-836D-AD621BF11A0A}"
	ProjectSection(SolutionItems) = preProject
		..\External Libraries\ManagedInjector\ManagedInjector32-4.0.dll = ..\External Libraries\ManagedInjector\ManagedInjector32-4.0.dll
		..\External Libraries\ManagedInjector\ManagedInjector64-4.0.dll = ..\External Libraries\ManagedInjector\ManagedInjector64-4.0.dll
	EndProjectSection
EndProject
Project("{FAE04EC0-301F-11D3-BF4B-00C04F79EFBC}") = "Web", "..\NuGet\Web\Web.csproj", "{06FC61E3-BA28-4A5C-A9B2-47FFB6E12E7D}"
	ProjectSection(ProjectDependencies) = postProject
		{97E67E63-4E52-48B7-93D3-775B3FFAC10D} = {97E67E63-4E52-48B7-93D3-775B3FFAC10D}
		{C844D3BE-EC89-4A5F-B54E-B07D9DFCB4C9} = {C844D3BE-EC89-4A5F-B54E-B07D9DFCB4C9}
		{F61FFCC5-3711-4D42-916A-EF83032F542A} = {F61FFCC5-3711-4D42-916A-EF83032F542A}
	EndProjectSection
EndProject
Project("{FAE04EC0-301F-11D3-BF4B-00C04F79EFBC}") = "CoreBind.NetFramework", "..\Projects\CoreBind\NetFramework\CoreBind.NetFramework.csproj", "{97E67E63-4E52-48B7-93D3-775B3FFAC10D}"
EndProject
Project("{2150E333-8FDC-42A3-9474-1A3956D46DE8}") = "NetFramework", "NetFramework", "{965D6B85-8E0E-48FB-8B70-F7B87592DC9F}"
EndProject
Project("{2150E333-8FDC-42A3-9474-1A3956D46DE8}") = "NetCore", "NetCore", "{C2F8EECD-3B64-4E84-A714-F657A537097F}"
EndProject
Project("{2150E333-8FDC-42A3-9474-1A3956D46DE8}") = "Plugins", "Plugins", "{DF70E181-C3DF-448E-9762-9BD0C27569CC}"
EndProject
Project("{9A19103F-16F7-4668-BE54-9A1E7A4F7556}") = "Lexicon", "..\Projects\Plugins\Lexicon\Lexicon.csproj", "{764A7A21-82E6-43C9-8657-33FFE947C126}"
EndProject
Project("{9A19103F-16F7-4668-BE54-9A1E7A4F7556}") = "Core.Fake", "..\Projects\Core.Fake\Core.Fake.csproj", "{C7938B5C-CD54-4F4D-8552-D3B95C52BFCD}"
EndProject
Project("{00D1A9C2-B5F0-4AF3-8072-F6C62B433612}") = "Core.DB", "..\Projects\Core.DB\Core.DB.sqlproj", "{9A323FE1-DAC9-405C-8C5D-3AA377C67CB5}"
EndProject
Global
	GlobalSection(SolutionConfigurationPlatforms) = preSolution
		Debug|Any CPU = Debug|Any CPU
		DebugBuildPart1|Any CPU = DebugBuildPart1|Any CPU
		DebugBuildPart2|Any CPU = DebugBuildPart2|Any CPU
		Release|Any CPU = Release|Any CPU
	EndGlobalSection
	GlobalSection(ProjectConfigurationPlatforms) = postSolution
		{C844D3BE-EC89-4A5F-B54E-B07D9DFCB4C9}.Debug|Any CPU.ActiveCfg = Debug|Any CPU
		{C844D3BE-EC89-4A5F-B54E-B07D9DFCB4C9}.Debug|Any CPU.Build.0 = Debug|Any CPU
		{C844D3BE-EC89-4A5F-B54E-B07D9DFCB4C9}.DebugBuildPart1|Any CPU.ActiveCfg = Debug|Any CPU
		{C844D3BE-EC89-4A5F-B54E-B07D9DFCB4C9}.DebugBuildPart2|Any CPU.ActiveCfg = Debug|Any CPU
		{C844D3BE-EC89-4A5F-B54E-B07D9DFCB4C9}.DebugBuildPart2|Any CPU.Build.0 = Debug|Any CPU
		{C844D3BE-EC89-4A5F-B54E-B07D9DFCB4C9}.Release|Any CPU.ActiveCfg = Release|Any CPU
		{C844D3BE-EC89-4A5F-B54E-B07D9DFCB4C9}.Release|Any CPU.Build.0 = Release|Any CPU
		{F61FFCC5-3711-4D42-916A-EF83032F542A}.Debug|Any CPU.ActiveCfg = Debug|Any CPU
		{F61FFCC5-3711-4D42-916A-EF83032F542A}.Debug|Any CPU.Build.0 = Debug|Any CPU
		{F61FFCC5-3711-4D42-916A-EF83032F542A}.DebugBuildPart1|Any CPU.ActiveCfg = Debug|Any CPU
		{F61FFCC5-3711-4D42-916A-EF83032F542A}.DebugBuildPart2|Any CPU.ActiveCfg = Debug|Any CPU
		{F61FFCC5-3711-4D42-916A-EF83032F542A}.DebugBuildPart2|Any CPU.Build.0 = Debug|Any CPU
		{F61FFCC5-3711-4D42-916A-EF83032F542A}.Release|Any CPU.ActiveCfg = Release|Any CPU
		{F61FFCC5-3711-4D42-916A-EF83032F542A}.Release|Any CPU.Build.0 = Release|Any CPU
		{CBAA3A56-3772-4120-874D-C13F182D49F0}.Debug|Any CPU.ActiveCfg = Debug|Any CPU
		{CBAA3A56-3772-4120-874D-C13F182D49F0}.Debug|Any CPU.Build.0 = Debug|Any CPU
		{CBAA3A56-3772-4120-874D-C13F182D49F0}.DebugBuildPart1|Any CPU.ActiveCfg = Debug|Any CPU
		{CBAA3A56-3772-4120-874D-C13F182D49F0}.DebugBuildPart2|Any CPU.ActiveCfg = Debug|Any CPU
		{CBAA3A56-3772-4120-874D-C13F182D49F0}.DebugBuildPart2|Any CPU.Build.0 = Debug|Any CPU
		{CBAA3A56-3772-4120-874D-C13F182D49F0}.Release|Any CPU.ActiveCfg = Release|Any CPU
		{CBAA3A56-3772-4120-874D-C13F182D49F0}.Release|Any CPU.Build.0 = Release|Any CPU
		{06FC61E3-BA28-4A5C-A9B2-47FFB6E12E7D}.Debug|Any CPU.ActiveCfg = Debug|Any CPU
		{06FC61E3-BA28-4A5C-A9B2-47FFB6E12E7D}.Debug|Any CPU.Build.0 = Debug|Any CPU
		{06FC61E3-BA28-4A5C-A9B2-47FFB6E12E7D}.DebugBuildPart1|Any CPU.ActiveCfg = Debug|Any CPU
		{06FC61E3-BA28-4A5C-A9B2-47FFB6E12E7D}.DebugBuildPart2|Any CPU.ActiveCfg = Debug|Any CPU
		{06FC61E3-BA28-4A5C-A9B2-47FFB6E12E7D}.DebugBuildPart2|Any CPU.Build.0 = Debug|Any CPU
		{06FC61E3-BA28-4A5C-A9B2-47FFB6E12E7D}.Release|Any CPU.ActiveCfg = Release|Any CPU
		{06FC61E3-BA28-4A5C-A9B2-47FFB6E12E7D}.Release|Any CPU.Build.0 = Release|Any CPU
		{97E67E63-4E52-48B7-93D3-775B3FFAC10D}.Debug|Any CPU.ActiveCfg = Debug|Any CPU
		{97E67E63-4E52-48B7-93D3-775B3FFAC10D}.Debug|Any CPU.Build.0 = Debug|Any CPU
		{97E67E63-4E52-48B7-93D3-775B3FFAC10D}.DebugBuildPart1|Any CPU.ActiveCfg = Debug|Any CPU
		{97E67E63-4E52-48B7-93D3-775B3FFAC10D}.DebugBuildPart2|Any CPU.ActiveCfg = Debug|Any CPU
		{97E67E63-4E52-48B7-93D3-775B3FFAC10D}.DebugBuildPart2|Any CPU.Build.0 = Debug|Any CPU
		{97E67E63-4E52-48B7-93D3-775B3FFAC10D}.Release|Any CPU.ActiveCfg = Release|Any CPU
		{97E67E63-4E52-48B7-93D3-775B3FFAC10D}.Release|Any CPU.Build.0 = Release|Any CPU
		{764A7A21-82E6-43C9-8657-33FFE947C126}.Debug|Any CPU.ActiveCfg = Debug|Any CPU
		{764A7A21-82E6-43C9-8657-33FFE947C126}.Debug|Any CPU.Build.0 = Debug|Any CPU
		{764A7A21-82E6-43C9-8657-33FFE947C126}.DebugBuildPart1|Any CPU.ActiveCfg = Debug|Any CPU
		{764A7A21-82E6-43C9-8657-33FFE947C126}.DebugBuildPart2|Any CPU.ActiveCfg = Debug|Any CPU
		{764A7A21-82E6-43C9-8657-33FFE947C126}.DebugBuildPart2|Any CPU.Build.0 = Debug|Any CPU
		{764A7A21-82E6-43C9-8657-33FFE947C126}.Release|Any CPU.ActiveCfg = Release|Any CPU
		{764A7A21-82E6-43C9-8657-33FFE947C126}.Release|Any CPU.Build.0 = Release|Any CPU
		{C7938B5C-CD54-4F4D-8552-D3B95C52BFCD}.Debug|Any CPU.ActiveCfg = Debug|Any CPU
		{C7938B5C-CD54-4F4D-8552-D3B95C52BFCD}.Debug|Any CPU.Build.0 = Debug|Any CPU
		{C7938B5C-CD54-4F4D-8552-D3B95C52BFCD}.DebugBuildPart1|Any CPU.ActiveCfg = Debug|Any CPU
		{C7938B5C-CD54-4F4D-8552-D3B95C52BFCD}.DebugBuildPart1|Any CPU.Build.0 = Debug|Any CPU
		{C7938B5C-CD54-4F4D-8552-D3B95C52BFCD}.DebugBuildPart2|Any CPU.ActiveCfg = Debug|Any CPU
		{C7938B5C-CD54-4F4D-8552-D3B95C52BFCD}.DebugBuildPart2|Any CPU.Build.0 = Debug|Any CPU
		{C7938B5C-CD54-4F4D-8552-D3B95C52BFCD}.Release|Any CPU.ActiveCfg = Release|Any CPU
		{C7938B5C-CD54-4F4D-8552-D3B95C52BFCD}.Release|Any CPU.Build.0 = Release|Any CPU
		{9A323FE1-DAC9-405C-8C5D-3AA377C67CB5}.Debug|Any CPU.ActiveCfg = Debug|Any CPU
		{9A323FE1-DAC9-405C-8C5D-3AA377C67CB5}.Debug|Any CPU.Build.0 = Debug|Any CPU
		{9A323FE1-DAC9-405C-8C5D-3AA377C67CB5}.Debug|Any CPU.Deploy.0 = Debug|Any CPU
		{9A323FE1-DAC9-405C-8C5D-3AA377C67CB5}.DebugBuildPart1|Any CPU.ActiveCfg = Debug|Any CPU
		{9A323FE1-DAC9-405C-8C5D-3AA377C67CB5}.DebugBuildPart1|Any CPU.Build.0 = Debug|Any CPU
		{9A323FE1-DAC9-405C-8C5D-3AA377C67CB5}.DebugBuildPart1|Any CPU.Deploy.0 = Debug|Any CPU
		{9A323FE1-DAC9-405C-8C5D-3AA377C67CB5}.DebugBuildPart2|Any CPU.ActiveCfg = Debug|Any CPU
		{9A323FE1-DAC9-405C-8C5D-3AA377C67CB5}.DebugBuildPart2|Any CPU.Build.0 = Debug|Any CPU
		{9A323FE1-DAC9-405C-8C5D-3AA377C67CB5}.DebugBuildPart2|Any CPU.Deploy.0 = Debug|Any CPU
		{9A323FE1-DAC9-405C-8C5D-3AA377C67CB5}.Release|Any CPU.ActiveCfg = Release|Any CPU
		{9A323FE1-DAC9-405C-8C5D-3AA377C67CB5}.Release|Any CPU.Build.0 = Release|Any CPU
		{9A323FE1-DAC9-405C-8C5D-3AA377C67CB5}.Release|Any CPU.Deploy.0 = Release|Any CPU
	EndGlobalSection
	GlobalSection(SolutionProperties) = preSolution
		HideSolutionNode = FALSE
	EndGlobalSection
	GlobalSection(NestedProjects) = preSolution
		{C844D3BE-EC89-4A5F-B54E-B07D9DFCB4C9} = {965D6B85-8E0E-48FB-8B70-F7B87592DC9F}
		{F61FFCC5-3711-4D42-916A-EF83032F542A} = {620AF6BB-950C-49F1-AA20-76FB9C95A3DF}
		{EE2A716F-1C86-4268-930E-5913DE898128} = {965D6B85-8E0E-48FB-8B70-F7B87592DC9F}
		{620AF6BB-950C-49F1-AA20-76FB9C95A3DF} = {1CF2A268-413B-40E0-AD79-C8C410E63110}
		{CBAA3A56-3772-4120-874D-C13F182D49F0} = {EE2A716F-1C86-4268-930E-5913DE898128}
		{675CBA0A-B5DD-4919-836D-AD621BF11A0A} = {EE2A716F-1C86-4268-930E-5913DE898128}
		{06FC61E3-BA28-4A5C-A9B2-47FFB6E12E7D} = {C05FF974-CF3D-4994-9D53-79BB3E99D5A0}
		{97E67E63-4E52-48B7-93D3-775B3FFAC10D} = {965D6B85-8E0E-48FB-8B70-F7B87592DC9F}
		{965D6B85-8E0E-48FB-8B70-F7B87592DC9F} = {1CF2A268-413B-40E0-AD79-C8C410E63110}
		{C2F8EECD-3B64-4E84-A714-F657A537097F} = {1CF2A268-413B-40E0-AD79-C8C410E63110}
		{DF70E181-C3DF-448E-9762-9BD0C27569CC} = {1CF2A268-413B-40E0-AD79-C8C410E63110}
		{764A7A21-82E6-43C9-8657-33FFE947C126} = {DF70E181-C3DF-448E-9762-9BD0C27569CC}
		{C7938B5C-CD54-4F4D-8552-D3B95C52BFCD} = {620AF6BB-950C-49F1-AA20-76FB9C95A3DF}
		{9A323FE1-DAC9-405C-8C5D-3AA377C67CB5} = {620AF6BB-950C-49F1-AA20-76FB9C95A3DF}
	EndGlobalSection
	GlobalSection(ExtensibilityGlobals) = postSolution
		SolutionGuid = {EED38A6B-FD8B-4735-9632-1F78301B6F9F}
	EndGlobalSection
EndGlobal
