
Microsoft Visual Studio Solution File, Format Version 12.00
# Visual Studio 15
VisualStudioVersion = 15.0.27703.2000
MinimumVisualStudioVersion = 10.0.40219.1
Project("{9A19103F-16F7-4668-BE54-9A1E7A4F7556}") = "Core", "..\Projects\Core\Core\Core.csproj", "{F61FFCC5-3711-4D42-916A-EF83032F542A}"
	ProjectSection(ProjectDependencies) = postProject
		{DE1F63DD-2D91-4A10-8AFA-48062FA600B8} = {DE1F63DD-2D91-4A10-8AFA-48062FA600B8}
		{9A323FE1-DAC9-405C-8C5D-3AA377C67CB5} = {9A323FE1-DAC9-405C-8C5D-3AA377C67CB5}
	EndProjectSection
EndProject
Project("{2150E333-8FDC-42A3-9474-1A3956D46DE8}") = "2. Core", "2. Core", "{620AF6BB-950C-49F1-AA20-76FB9C95A3DF}"
EndProject
Project("{2150E333-8FDC-42A3-9474-1A3956D46DE8}") = "AspNetMvc", "AspNetMvc", "{965D6B85-8E0E-48FB-8B70-F7B87592DC9F}"
EndProject
Project("{2150E333-8FDC-42A3-9474-1A3956D46DE8}") = "5. Plugins", "5. Plugins", "{DF70E181-C3DF-448E-9762-9BD0C27569CC}"
EndProject
Project("{9A19103F-16F7-4668-BE54-9A1E7A4F7556}") = "Lexicon", "..\Projects\Plugins\Lexicon\Lexicon.csproj", "{E7077780-B7A1-4C88-A56E-9807233FA0AA}"
EndProject
Project("{00D1A9C2-B5F0-4AF3-8072-F6C62B433612}") = "Core.DB", "..\Projects\Core\Core.DB\Core.DB.sqlproj", "{9A323FE1-DAC9-405C-8C5D-3AA377C67CB5}"
	ProjectSection(ProjectDependencies) = postProject
		{DE1F63DD-2D91-4A10-8AFA-48062FA600B8} = {DE1F63DD-2D91-4A10-8AFA-48062FA600B8}
	EndProjectSection
EndProject
Project("{9A19103F-16F7-4668-BE54-9A1E7A4F7556}") = "Core.Fake", "..\Projects\Core\Core.Fake\Core.Fake.csproj", "{DE1F63DD-2D91-4A10-8AFA-48062FA600B8}"
EndProject
Project("{2150E333-8FDC-42A3-9474-1A3956D46DE8}") = "3. Binding", "3. Binding", "{3320013D-0333-42BA-A163-255FEF66A9A4}"
EndProject
Project("{FAE04EC0-301F-11D3-BF4B-00C04F79EFBC}") = "Binding.Library", "..\Projects\Binding\AspNetMvc\Library\Binding.Library.csproj", "{4819A652-4F35-4B7E-BDD4-15E713E9AA80}"
EndProject
Project("{9A19103F-16F7-4668-BE54-9A1E7A4F7556}") = "Binding.Package", "..\Projects\Binding\AspNetMvc\Package\Binding.Package.csproj", "{34741597-F382-4C69-88CF-79B31CD94ECF}"
	ProjectSection(ProjectDependencies) = postProject
		{4819A652-4F35-4B7E-BDD4-15E713E9AA80} = {4819A652-4F35-4B7E-BDD4-15E713E9AA80}
	EndProjectSection
EndProject
Project("{FAE04EC0-301F-11D3-BF4B-00C04F79EFBC}") = "Madaa.Lib.Win.Services", "..\External Libraries\Madaa.Lib.Win.Services\Madaa.Lib.Win.Services.csproj", "{CBAA3A56-3772-4120-874D-C13F182D49F0}"
EndProject
Project("{2150E333-8FDC-42A3-9474-1A3956D46DE8}") = "4. Standard", "4. Standard", "{0C37AE99-684B-4140-A416-65B1E44D64EA}"
EndProject
Project("{2150E333-8FDC-42A3-9474-1A3956D46DE8}") = "1. Common", "1. Common", "{8172D6AB-E731-41E8-93E5-4073570EAFE6}"
	ProjectSection(SolutionItems) = preProject
		..\Projects\Common\Common.props = ..\Projects\Common\Common.props
	EndProjectSection
EndProject
Project("{2150E333-8FDC-42A3-9474-1A3956D46DE8}") = "AspNetMvc", "AspNetMvc", "{62F63B21-F55A-4F1E-91DF-7ECA6D37BC99}"
EndProject
Project("{FAE04EC0-301F-11D3-BF4B-00C04F79EFBC}") = "Standard.Library", "..\Projects\Standard\AspNetMvc\Library\Standard.Library.csproj", "{C844D3BE-EC89-4A5F-B54E-B07D9DFCB4C9}"
EndProject
Project("{9A19103F-16F7-4668-BE54-9A1E7A4F7556}") = "Standard.Package", "..\Projects\Standard\AspNetMvc\Package\Standard.Package.csproj", "{B63DB320-89EE-46F6-8020-3DCF71E21E9E}"
	ProjectSection(ProjectDependencies) = postProject
		{C844D3BE-EC89-4A5F-B54E-B07D9DFCB4C9} = {C844D3BE-EC89-4A5F-B54E-B07D9DFCB4C9}
	EndProjectSection
EndProject
Global
	GlobalSection(SolutionConfigurationPlatforms) = preSolution
		Debug|Any CPU = Debug|Any CPU
		DebugBuildPart1|Any CPU = DebugBuildPart1|Any CPU
		DebugBuildPart2|Any CPU = DebugBuildPart2|Any CPU
		Release|Any CPU = Release|Any CPU
	EndGlobalSection
	GlobalSection(ProjectConfigurationPlatforms) = postSolution
		{F61FFCC5-3711-4D42-916A-EF83032F542A}.Debug|Any CPU.ActiveCfg = Debug|Any CPU
		{F61FFCC5-3711-4D42-916A-EF83032F542A}.Debug|Any CPU.Build.0 = Debug|Any CPU
		{F61FFCC5-3711-4D42-916A-EF83032F542A}.DebugBuildPart1|Any CPU.ActiveCfg = Debug|Any CPU
		{F61FFCC5-3711-4D42-916A-EF83032F542A}.DebugBuildPart1|Any CPU.Build.0 = Debug|Any CPU
		{F61FFCC5-3711-4D42-916A-EF83032F542A}.DebugBuildPart2|Any CPU.ActiveCfg = Debug|Any CPU
		{F61FFCC5-3711-4D42-916A-EF83032F542A}.DebugBuildPart2|Any CPU.Build.0 = Debug|Any CPU
		{F61FFCC5-3711-4D42-916A-EF83032F542A}.Release|Any CPU.ActiveCfg = Release|Any CPU
		{F61FFCC5-3711-4D42-916A-EF83032F542A}.Release|Any CPU.Build.0 = Release|Any CPU
		{E7077780-B7A1-4C88-A56E-9807233FA0AA}.Debug|Any CPU.ActiveCfg = Debug|Any CPU
		{E7077780-B7A1-4C88-A56E-9807233FA0AA}.Debug|Any CPU.Build.0 = Debug|Any CPU
		{E7077780-B7A1-4C88-A56E-9807233FA0AA}.DebugBuildPart1|Any CPU.ActiveCfg = Debug|Any CPU
		{E7077780-B7A1-4C88-A56E-9807233FA0AA}.DebugBuildPart2|Any CPU.ActiveCfg = Debug|Any CPU
		{E7077780-B7A1-4C88-A56E-9807233FA0AA}.DebugBuildPart2|Any CPU.Build.0 = Debug|Any CPU
		{E7077780-B7A1-4C88-A56E-9807233FA0AA}.Release|Any CPU.ActiveCfg = Release|Any CPU
		{E7077780-B7A1-4C88-A56E-9807233FA0AA}.Release|Any CPU.Build.0 = Release|Any CPU
		{9A323FE1-DAC9-405C-8C5D-3AA377C67CB5}.Debug|Any CPU.ActiveCfg = Debug|Any CPU
		{9A323FE1-DAC9-405C-8C5D-3AA377C67CB5}.Debug|Any CPU.Build.0 = Debug|Any CPU
		{9A323FE1-DAC9-405C-8C5D-3AA377C67CB5}.DebugBuildPart1|Any CPU.ActiveCfg = Debug|Any CPU
		{9A323FE1-DAC9-405C-8C5D-3AA377C67CB5}.DebugBuildPart1|Any CPU.Build.0 = Debug|Any CPU
		{9A323FE1-DAC9-405C-8C5D-3AA377C67CB5}.DebugBuildPart2|Any CPU.ActiveCfg = Debug|Any CPU
		{9A323FE1-DAC9-405C-8C5D-3AA377C67CB5}.Release|Any CPU.ActiveCfg = Release|Any CPU
		{9A323FE1-DAC9-405C-8C5D-3AA377C67CB5}.Release|Any CPU.Build.0 = Release|Any CPU
		{9A323FE1-DAC9-405C-8C5D-3AA377C67CB5}.Release|Any CPU.Deploy.0 = Release|Any CPU
		{DE1F63DD-2D91-4A10-8AFA-48062FA600B8}.Debug|Any CPU.ActiveCfg = Debug|Any CPU
		{DE1F63DD-2D91-4A10-8AFA-48062FA600B8}.Debug|Any CPU.Build.0 = Debug|Any CPU
		{DE1F63DD-2D91-4A10-8AFA-48062FA600B8}.DebugBuildPart1|Any CPU.ActiveCfg = Debug|Any CPU
		{DE1F63DD-2D91-4A10-8AFA-48062FA600B8}.DebugBuildPart1|Any CPU.Build.0 = Debug|Any CPU
		{DE1F63DD-2D91-4A10-8AFA-48062FA600B8}.DebugBuildPart2|Any CPU.ActiveCfg = Debug|Any CPU
		{DE1F63DD-2D91-4A10-8AFA-48062FA600B8}.Release|Any CPU.ActiveCfg = Release|Any CPU
		{DE1F63DD-2D91-4A10-8AFA-48062FA600B8}.Release|Any CPU.Build.0 = Release|Any CPU
		{4819A652-4F35-4B7E-BDD4-15E713E9AA80}.Debug|Any CPU.ActiveCfg = Debug|Any CPU
		{4819A652-4F35-4B7E-BDD4-15E713E9AA80}.Debug|Any CPU.Build.0 = Debug|Any CPU
		{4819A652-4F35-4B7E-BDD4-15E713E9AA80}.DebugBuildPart1|Any CPU.ActiveCfg = Debug|Any CPU
		{4819A652-4F35-4B7E-BDD4-15E713E9AA80}.DebugBuildPart2|Any CPU.ActiveCfg = Debug|Any CPU
		{4819A652-4F35-4B7E-BDD4-15E713E9AA80}.DebugBuildPart2|Any CPU.Build.0 = Debug|Any CPU
		{4819A652-4F35-4B7E-BDD4-15E713E9AA80}.Release|Any CPU.ActiveCfg = Release|Any CPU
		{4819A652-4F35-4B7E-BDD4-15E713E9AA80}.Release|Any CPU.Build.0 = Release|Any CPU
		{34741597-F382-4C69-88CF-79B31CD94ECF}.Debug|Any CPU.ActiveCfg = Debug|Any CPU
		{34741597-F382-4C69-88CF-79B31CD94ECF}.Debug|Any CPU.Build.0 = Debug|Any CPU
		{34741597-F382-4C69-88CF-79B31CD94ECF}.DebugBuildPart1|Any CPU.ActiveCfg = Debug|Any CPU
		{34741597-F382-4C69-88CF-79B31CD94ECF}.DebugBuildPart2|Any CPU.ActiveCfg = Debug|Any CPU
		{34741597-F382-4C69-88CF-79B31CD94ECF}.DebugBuildPart2|Any CPU.Build.0 = Debug|Any CPU
		{34741597-F382-4C69-88CF-79B31CD94ECF}.Release|Any CPU.ActiveCfg = Release|Any CPU
		{34741597-F382-4C69-88CF-79B31CD94ECF}.Release|Any CPU.Build.0 = Release|Any CPU
		{CBAA3A56-3772-4120-874D-C13F182D49F0}.Debug|Any CPU.ActiveCfg = Debug|Any CPU
		{CBAA3A56-3772-4120-874D-C13F182D49F0}.Debug|Any CPU.Build.0 = Debug|Any CPU
		{CBAA3A56-3772-4120-874D-C13F182D49F0}.DebugBuildPart1|Any CPU.ActiveCfg = Debug|Any CPU
		{CBAA3A56-3772-4120-874D-C13F182D49F0}.DebugBuildPart2|Any CPU.ActiveCfg = Debug|Any CPU
		{CBAA3A56-3772-4120-874D-C13F182D49F0}.DebugBuildPart2|Any CPU.Build.0 = Debug|Any CPU
		{CBAA3A56-3772-4120-874D-C13F182D49F0}.Release|Any CPU.ActiveCfg = Release|Any CPU
		{CBAA3A56-3772-4120-874D-C13F182D49F0}.Release|Any CPU.Build.0 = Release|Any CPU
		{C844D3BE-EC89-4A5F-B54E-B07D9DFCB4C9}.Debug|Any CPU.ActiveCfg = Debug|Any CPU
		{C844D3BE-EC89-4A5F-B54E-B07D9DFCB4C9}.Debug|Any CPU.Build.0 = Debug|Any CPU
		{C844D3BE-EC89-4A5F-B54E-B07D9DFCB4C9}.DebugBuildPart1|Any CPU.ActiveCfg = Debug|Any CPU
		{C844D3BE-EC89-4A5F-B54E-B07D9DFCB4C9}.DebugBuildPart2|Any CPU.ActiveCfg = Debug|Any CPU
		{C844D3BE-EC89-4A5F-B54E-B07D9DFCB4C9}.DebugBuildPart2|Any CPU.Build.0 = Debug|Any CPU
		{C844D3BE-EC89-4A5F-B54E-B07D9DFCB4C9}.Release|Any CPU.ActiveCfg = Release|Any CPU
		{C844D3BE-EC89-4A5F-B54E-B07D9DFCB4C9}.Release|Any CPU.Build.0 = Release|Any CPU
		{B63DB320-89EE-46F6-8020-3DCF71E21E9E}.Debug|Any CPU.ActiveCfg = Debug|Any CPU
		{B63DB320-89EE-46F6-8020-3DCF71E21E9E}.Debug|Any CPU.Build.0 = Debug|Any CPU
		{B63DB320-89EE-46F6-8020-3DCF71E21E9E}.DebugBuildPart1|Any CPU.ActiveCfg = Debug|Any CPU
		{B63DB320-89EE-46F6-8020-3DCF71E21E9E}.DebugBuildPart2|Any CPU.ActiveCfg = Debug|Any CPU
		{B63DB320-89EE-46F6-8020-3DCF71E21E9E}.DebugBuildPart2|Any CPU.Build.0 = Debug|Any CPU
		{B63DB320-89EE-46F6-8020-3DCF71E21E9E}.Release|Any CPU.ActiveCfg = Release|Any CPU
		{B63DB320-89EE-46F6-8020-3DCF71E21E9E}.Release|Any CPU.Build.0 = Release|Any CPU
	EndGlobalSection
	GlobalSection(SolutionProperties) = preSolution
		HideSolutionNode = FALSE
	EndGlobalSection
	GlobalSection(NestedProjects) = preSolution
		{F61FFCC5-3711-4D42-916A-EF83032F542A} = {620AF6BB-950C-49F1-AA20-76FB9C95A3DF}
		{965D6B85-8E0E-48FB-8B70-F7B87592DC9F} = {3320013D-0333-42BA-A163-255FEF66A9A4}
		{E7077780-B7A1-4C88-A56E-9807233FA0AA} = {DF70E181-C3DF-448E-9762-9BD0C27569CC}
		{9A323FE1-DAC9-405C-8C5D-3AA377C67CB5} = {620AF6BB-950C-49F1-AA20-76FB9C95A3DF}
		{DE1F63DD-2D91-4A10-8AFA-48062FA600B8} = {620AF6BB-950C-49F1-AA20-76FB9C95A3DF}
		{4819A652-4F35-4B7E-BDD4-15E713E9AA80} = {965D6B85-8E0E-48FB-8B70-F7B87592DC9F}
		{34741597-F382-4C69-88CF-79B31CD94ECF} = {965D6B85-8E0E-48FB-8B70-F7B87592DC9F}
		{CBAA3A56-3772-4120-874D-C13F182D49F0} = {965D6B85-8E0E-48FB-8B70-F7B87592DC9F}
		{62F63B21-F55A-4F1E-91DF-7ECA6D37BC99} = {0C37AE99-684B-4140-A416-65B1E44D64EA}
		{C844D3BE-EC89-4A5F-B54E-B07D9DFCB4C9} = {62F63B21-F55A-4F1E-91DF-7ECA6D37BC99}
		{B63DB320-89EE-46F6-8020-3DCF71E21E9E} = {62F63B21-F55A-4F1E-91DF-7ECA6D37BC99}
	EndGlobalSection
	GlobalSection(ExtensibilityGlobals) = postSolution
		SolutionGuid = {EED38A6B-FD8B-4735-9632-1F78301B6F9F}
	EndGlobalSection
EndGlobal
